
Microsoft Visual Studio Solution File, Format Version 12.00
# Visual Studio Version 17
VisualStudioVersion = 17.2.32616.157
MinimumVisualStudioVersion = 10.0.40219.1
Project("{FAE04EC0-301F-11D3-BF4B-00C04F79EFBC}") = "CSharpClasses", "CSharpClasses\CSharpClasses.csproj", "{8CA95B1B-FFC4-4C32-BD77-097A5D66E5C8}"
EndProject
Global
	GlobalSection(SolutionConfigurationPlatforms) = preSolution
		Debug|Any CPU = Debug|Any CPU
		Release|Any CPU = Release|Any CPU
	EndGlobalSection
	GlobalSection(ProjectConfigurationPlatforms) = postSolution
		{8CA95B1B-FFC4-4C32-BD77-097A5D66E5C8}.Debug|Any CPU.ActiveCfg = Debug|Any CPU
		{8CA95B1B-FFC4-4C32-BD77-097A5D66E5C8}.Debug|Any CPU.Build.0 = Debug|Any CPU
		{8CA95B1B-FFC4-4C32-BD77-097A5D66E5C8}.Release|Any CPU.ActiveCfg = Release|Any CPU
		{8CA95B1B-FFC4-4C32-BD77-097A5D66E5C8}.Release|Any CPU.Build.0 = Release|Any CPU
	EndGlobalSection
	GlobalSection(SolutionProperties) = preSolution
		HideSolutionNode = FALSE
	EndGlobalSection
	GlobalSection(ExtensibilityGlobals) = postSolution
		SolutionGuid = {C8662FC5-7C06-42A7-A211-886207EC9261}
	EndGlobalSection
EndGlobal
